{
  "name": "docusaurus-prince-pdf",
  "version": "1.2.2",
  "lockfileVersion": 3,
  "requires": true,
  "packages": {
    "": {
      "name": "docusaurus-prince-pdf",
      "version": "1.2.2",
      "license": "MIT",
      "dependencies": {
        "axios": "^1.13.2",
        "bun": "^1.3.5",
        "cheerio": "^1.1.2",
        "jsdom": "^26.1.0"
      },
      "bin": {
        "docusaurus-prince-pdf": "index.js"
      },
      "devDependencies": {
        "@biomejs/biome": "^2.2.0",
        "@types/bun": "latest",
        "@types/jsdom": "^21.1.7"
      },
      "peerDependencies": {
        "typescript": "^5.9.2"
      }
    },
    "node_modules/@asamuzakjp/css-color": {
      "version": "3.2.0",
      "resolved": "https://registry.npmjs.org/@asamuzakjp/css-color/-/css-color-3.2.0.tgz",
      "integrity": "sha512-K1A6z8tS3XsmCMM86xoWdn7Fkdn9m6RSVtocUrJYIwZnFVkng/PvkEoWtOWmP+Scc6saYWHWZYbndEEXxl24jw==",
      "license": "MIT",
      "dependencies": {
        "@csstools/css-calc": "^2.1.3",
        "@csstools/css-color-parser": "^3.0.9",
        "@csstools/css-parser-algorithms": "^3.0.4",
        "@csstools/css-tokenizer": "^3.0.3",
        "lru-cache": "^10.4.3"
      }
    },
    "node_modules/@biomejs/biome": {
      "version": "2.3.10",
      "resolved": "https://registry.npmjs.org/@biomejs/biome/-/biome-2.3.10.tgz",
      "integrity": "sha512-/uWSUd1MHX2fjqNLHNL6zLYWBbrJeG412/8H7ESuK8ewoRoMPUgHDebqKrPTx/5n6f17Xzqc9hdg3MEqA5hXnQ==",
      "dev": true,
      "license": "MIT OR Apache-2.0",
      "bin": {
        "biome": "bin/biome"
      },
      "engines": {
        "node": ">=14.21.3"
      },
      "funding": {
        "type": "opencollective",
        "url": "https://opencollective.com/biome"
      },
      "optionalDependencies": {
        "@biomejs/cli-darwin-arm64": "2.3.10",
        "@biomejs/cli-darwin-x64": "2.3.10",
        "@biomejs/cli-linux-arm64": "2.3.10",
        "@biomejs/cli-linux-arm64-musl": "2.3.10",
        "@biomejs/cli-linux-x64": "2.3.10",
        "@biomejs/cli-linux-x64-musl": "2.3.10",
        "@biomejs/cli-win32-arm64": "2.3.10",
        "@biomejs/cli-win32-x64": "2.3.10"
      }
    },
    "node_modules/@biomejs/cli-darwin-arm64": {
      "version": "2.3.10",
      "resolved": "https://registry.npmjs.org/@biomejs/cli-darwin-arm64/-/cli-darwin-arm64-2.3.10.tgz",
      "integrity": "sha512-M6xUjtCVnNGFfK7HMNKa593nb7fwNm43fq1Mt71kpLpb+4mE7odO8W/oWVDyBVO4ackhresy1ZYO7OJcVo/B7w==",
      "cpu": [
        "arm64"
      ],
      "dev": true,
      "license": "MIT OR Apache-2.0",
      "optional": true,
      "os": [
        "darwin"
      ],
      "engines": {
        "node": ">=14.21.3"
      }
    },
    "node_modules/@biomejs/cli-darwin-x64": {
      "version": "2.3.10",
      "resolved": "https://registry.npmjs.org/@biomejs/cli-darwin-x64/-/cli-darwin-x64-2.3.10.tgz",
      "integrity": "sha512-Vae7+V6t/Avr8tVbFNjnFSTKZogZHFYl7MMH62P/J1kZtr0tyRQ9Fe0onjqjS2Ek9lmNLmZc/VR5uSekh+p1fg==",
      "cpu": [
        "x64"
      ],
      "dev": true,
      "license": "MIT OR Apache-2.0",
      "optional": true,
      "os": [
        "darwin"
      ],
      "engines": {
        "node": ">=14.21.3"
      }
    },
    "node_modules/@biomejs/cli-linux-arm64": {
      "version": "2.3.10",
      "resolved": "https://registry.npmjs.org/@biomejs/cli-linux-arm64/-/cli-linux-arm64-2.3.10.tgz",
      "integrity": "sha512-hhPw2V3/EpHKsileVOFynuWiKRgFEV48cLe0eA+G2wO4SzlwEhLEB9LhlSrVeu2mtSn205W283LkX7Fh48CaxA==",
      "cpu": [
        "arm64"
      ],
      "dev": true,
      "license": "MIT OR Apache-2.0",
      "optional": true,
      "os": [
        "linux"
      ],
      "engines": {
        "node": ">=14.21.3"
      }
    },
    "node_modules/@biomejs/cli-linux-arm64-musl": {
      "version": "2.3.10",
      "resolved": "https://registry.npmjs.org/@biomejs/cli-linux-arm64-musl/-/cli-linux-arm64-musl-2.3.10.tgz",
      "integrity": "sha512-B9DszIHkuKtOH2IFeeVkQmSMVUjss9KtHaNXquYYWCjH8IstNgXgx5B0aSBQNr6mn4RcKKRQZXn9Zu1rM3O0/A==",
      "cpu": [
        "arm64"
      ],
      "dev": true,
      "license": "MIT OR Apache-2.0",
      "optional": true,
      "os": [
        "linux"
      ],
      "engines": {
        "node": ">=14.21.3"
      }
    },
    "node_modules/@biomejs/cli-linux-x64": {
      "version": "2.3.10",
      "resolved": "https://registry.npmjs.org/@biomejs/cli-linux-x64/-/cli-linux-x64-2.3.10.tgz",
      "integrity": "sha512-wwAkWD1MR95u+J4LkWP74/vGz+tRrIQvr8kfMMJY8KOQ8+HMVleREOcPYsQX82S7uueco60L58Wc6M1I9WA9Dw==",
      "cpu": [
        "x64"
      ],
      "dev": true,
      "license": "MIT OR Apache-2.0",
      "optional": true,
      "os": [
        "linux"
      ],
      "engines": {
        "node": ">=14.21.3"
      }
    },
    "node_modules/@biomejs/cli-linux-x64-musl": {
      "version": "2.3.10",
      "resolved": "https://registry.npmjs.org/@biomejs/cli-linux-x64-musl/-/cli-linux-x64-musl-2.3.10.tgz",
      "integrity": "sha512-QTfHZQh62SDFdYc2nfmZFuTm5yYb4eO1zwfB+90YxUumRCR171tS1GoTX5OD0wrv4UsziMPmrePMtkTnNyYG3g==",
      "cpu": [
        "x64"
      ],
      "dev": true,
      "license": "MIT OR Apache-2.0",
      "optional": true,
      "os": [
        "linux"
      ],
      "engines": {
        "node": ">=14.21.3"
      }
    },
    "node_modules/@biomejs/cli-win32-arm64": {
      "version": "2.3.10",
      "resolved": "https://registry.npmjs.org/@biomejs/cli-win32-arm64/-/cli-win32-arm64-2.3.10.tgz",
      "integrity": "sha512-o7lYc9n+CfRbHvkjPhm8s9FgbKdYZu5HCcGVMItLjz93EhgJ8AM44W+QckDqLA9MKDNFrR8nPbO4b73VC5kGGQ==",
      "cpu": [
        "arm64"
      ],
      "dev": true,
      "license": "MIT OR Apache-2.0",
      "optional": true,
      "os": [
        "win32"
      ],
      "engines": {
        "node": ">=14.21.3"
      }
    },
    "node_modules/@biomejs/cli-win32-x64": {
      "version": "2.3.10",
      "resolved": "https://registry.npmjs.org/@biomejs/cli-win32-x64/-/cli-win32-x64-2.3.10.tgz",
      "integrity": "sha512-pHEFgq7dUEsKnqG9mx9bXihxGI49X+ar+UBrEIj3Wqj3UCZp1rNgV+OoyjFgcXsjCWpuEAF4VJdkZr3TrWdCbQ==",
      "cpu": [
        "x64"
      ],
      "dev": true,
      "license": "MIT OR Apache-2.0",
      "optional": true,
      "os": [
        "win32"
      ],
      "engines": {
        "node": ">=14.21.3"
      }
    },
    "node_modules/@csstools/color-helpers": {
      "version": "5.1.0",
      "resolved": "https://registry.npmjs.org/@csstools/color-helpers/-/color-helpers-5.1.0.tgz",
      "integrity": "sha512-S11EXWJyy0Mz5SYvRmY8nJYTFFd1LCNV+7cXyAgQtOOuzb4EsgfqDufL+9esx72/eLhsRdGZwaldu/h+E4t4BA==",
      "funding": [
        {
          "type": "github",
          "url": "https://github.com/sponsors/csstools"
        },
        {
          "type": "opencollective",
          "url": "https://opencollective.com/csstools"
        }
      ],
      "license": "MIT-0",
      "engines": {
        "node": ">=18"
      }
    },
    "node_modules/@csstools/css-calc": {
      "version": "2.1.4",
      "resolved": "https://registry.npmjs.org/@csstools/css-calc/-/css-calc-2.1.4.tgz",
      "integrity": "sha512-3N8oaj+0juUw/1H3YwmDDJXCgTB1gKU6Hc/bB502u9zR0q2vd786XJH9QfrKIEgFlZmhZiq6epXl4rHqhzsIgQ==",
      "funding": [
        {
          "type": "github",
          "url": "https://github.com/sponsors/csstools"
        },
        {
          "type": "opencollective",
          "url": "https://opencollective.com/csstools"
        }
      ],
      "license": "MIT",
      "engines": {
        "node": ">=18"
      },
      "peerDependencies": {
        "@csstools/css-parser-algorithms": "^3.0.5",
        "@csstools/css-tokenizer": "^3.0.4"
      }
    },
    "node_modules/@csstools/css-color-parser": {
      "version": "3.1.0",
      "resolved": "https://registry.npmjs.org/@csstools/css-color-parser/-/css-color-parser-3.1.0.tgz",
      "integrity": "sha512-nbtKwh3a6xNVIp/VRuXV64yTKnb1IjTAEEh3irzS+HkKjAOYLTGNb9pmVNntZ8iVBHcWDA2Dof0QtPgFI1BaTA==",
      "funding": [
        {
          "type": "github",
          "url": "https://github.com/sponsors/csstools"
        },
        {
          "type": "opencollective",
          "url": "https://opencollective.com/csstools"
        }
      ],
      "license": "MIT",
      "dependencies": {
        "@csstools/color-helpers": "^5.1.0",
        "@csstools/css-calc": "^2.1.4"
      },
      "engines": {
        "node": ">=18"
      },
      "peerDependencies": {
        "@csstools/css-parser-algorithms": "^3.0.5",
        "@csstools/css-tokenizer": "^3.0.4"
      }
    },
    "node_modules/@csstools/css-parser-algorithms": {
      "version": "3.0.5",
      "resolved": "https://registry.npmjs.org/@csstools/css-parser-algorithms/-/css-parser-algorithms-3.0.5.tgz",
      "integrity": "sha512-DaDeUkXZKjdGhgYaHNJTV9pV7Y9B3b644jCLs9Upc3VeNGg6LWARAT6O+Q+/COo+2gg/bM5rhpMAtf70WqfBdQ==",
      "funding": [
        {
          "type": "github",
          "url": "https://github.com/sponsors/csstools"
        },
        {
          "type": "opencollective",
          "url": "https://opencollective.com/csstools"
        }
      ],
      "license": "MIT",
      "engines": {
        "node": ">=18"
      },
      "peerDependencies": {
        "@csstools/css-tokenizer": "^3.0.4"
      }
    },
    "node_modules/@csstools/css-tokenizer": {
      "version": "3.0.4",
      "resolved": "https://registry.npmjs.org/@csstools/css-tokenizer/-/css-tokenizer-3.0.4.tgz",
      "integrity": "sha512-Vd/9EVDiu6PPJt9yAh6roZP6El1xHrdvIVGjyBsHR0RYwNHgL7FJPyIIW4fANJNG6FtyZfvlRPpFI4ZM/lubvw==",
      "funding": [
        {
          "type": "github",
          "url": "https://github.com/sponsors/csstools"
        },
        {
          "type": "opencollective",
          "url": "https://opencollective.com/csstools"
        }
      ],
      "license": "MIT",
      "engines": {
        "node": ">=18"
      }
    },
    "node_modules/@oven/bun-darwin-aarch64": {
      "version": "1.3.5",
      "resolved": "https://registry.npmjs.org/@oven/bun-darwin-aarch64/-/bun-darwin-aarch64-1.3.5.tgz",
      "integrity": "sha512-8GvNtMo0NINM7Emk9cNAviCG3teEgr3BUX9be0+GD029zIagx2Sf54jMui1Eu1IpFm7nWHODuLEefGOQNaJ0gQ==",
      "cpu": [
        "arm64"
      ],
      "license": "MIT",
      "optional": true,
      "os": [
        "darwin"
      ]
    },
    "node_modules/@oven/bun-darwin-x64": {
      "version": "1.3.5",
      "resolved": "https://registry.npmjs.org/@oven/bun-darwin-x64/-/bun-darwin-x64-1.3.5.tgz",
      "integrity": "sha512-r33eHQOHAwkuiBJIwmkXIyqONQOQMnd1GMTpDzaxx9vf9+svby80LZO9Hcm1ns6KT/TBRFyODC/0loA7FAaffg==",
      "cpu": [
        "x64"
      ],
      "license": "MIT",
      "optional": true,
      "os": [
        "darwin"
      ]
    },
    "node_modules/@oven/bun-darwin-x64-baseline": {
      "version": "1.3.5",
      "resolved": "https://registry.npmjs.org/@oven/bun-darwin-x64-baseline/-/bun-darwin-x64-baseline-1.3.5.tgz",
      "integrity": "sha512-p5q3rJk48qhLuLBOFehVc+kqCE03YrswTc6NCxbwsxiwfySXwcAvpF2KWKF/ZZObvvR8hCCvqe1F81b2p5r2dg==",
      "cpu": [
        "x64"
      ],
      "license": "MIT",
      "optional": true,
      "os": [
        "darwin"
      ]
    },
    "node_modules/@oven/bun-linux-aarch64": {
      "version": "1.3.5",
      "resolved": "https://registry.npmjs.org/@oven/bun-linux-aarch64/-/bun-linux-aarch64-1.3.5.tgz",
      "integrity": "sha512-zkcHPI23QxJ1TdqafhgkXt1NOEN8o5C460sVeNnrhfJ43LwZgtfcvcQE39x/pBedu67fatY8CU0iY00nOh46ZQ==",
      "cpu": [
        "arm64"
      ],
      "license": "MIT",
      "optional": true,
      "os": [
        "linux"
      ]
    },
    "node_modules/@oven/bun-linux-aarch64-musl": {
      "version": "1.3.5",
      "resolved": "https://registry.npmjs.org/@oven/bun-linux-aarch64-musl/-/bun-linux-aarch64-musl-1.3.5.tgz",
      "integrity": "sha512-HKBeUlJdNduRkzJKZ5DXM+pPqntfC50/Hu2X65jVX0Y7hu/6IC8RaUTqpr8FtCZqqmc9wDK0OTL+Mbi9UQIKYQ==",
      "cpu": [
        "arm64"
      ],
      "license": "MIT",
      "optional": true,
      "os": [
        "linux"
      ]
    },
    "node_modules/@oven/bun-linux-x64": {
      "version": "1.3.5",
      "resolved": "https://registry.npmjs.org/@oven/bun-linux-x64/-/bun-linux-x64-1.3.5.tgz",
      "integrity": "sha512-n7zhKTSDZS0yOYg5Rq8easZu5Y/o47sv0c7yGr2ciFdcie9uYV55fZ7QMqhWMGK33ezCSikh5EDkUMCIvfWpjA==",
      "cpu": [
        "x64"
      ],
      "license": "MIT",
      "optional": true,
      "os": [
        "linux"
      ]
    },
    "node_modules/@oven/bun-linux-x64-baseline": {
      "version": "1.3.5",
      "resolved": "https://registry.npmjs.org/@oven/bun-linux-x64-baseline/-/bun-linux-x64-baseline-1.3.5.tgz",
      "integrity": "sha512-FeCQyBU62DMuB0nn01vPnf3McXrKOsrK9p7sHaBFYycw0mmoU8kCq/WkBkGMnLuvQljJSyen8QBTx+fXdNupWg==",
      "cpu": [
        "x64"
      ],
      "license": "MIT",
      "optional": true,
      "os": [
        "linux"
      ]
    },
    "node_modules/@oven/bun-linux-x64-musl": {
      "version": "1.3.5",
      "resolved": "https://registry.npmjs.org/@oven/bun-linux-x64-musl/-/bun-linux-x64-musl-1.3.5.tgz",
      "integrity": "sha512-XkCCHkByYn8BIDvoxnny898znju4xnW2kvFE8FT5+0Y62cWdcBGMZ9RdsEUTeRz16k8hHtJpaSfLcEmNTFIwRQ==",
      "cpu": [
        "x64"
      ],
      "license": "MIT",
      "optional": true,
      "os": [
        "linux"
      ]
    },
    "node_modules/@oven/bun-linux-x64-musl-baseline": {
      "version": "1.3.5",
      "resolved": "https://registry.npmjs.org/@oven/bun-linux-x64-musl-baseline/-/bun-linux-x64-musl-baseline-1.3.5.tgz",
      "integrity": "sha512-TJiYC7KCr0XxFTsxgwQOeE7dncrEL/RSyL0EzSL3xRkrxJMWBCvCSjQn7LV1i6T7hFst0+3KoN3VWvD5BinqHA==",
      "cpu": [
        "x64"
      ],
      "license": "MIT",
      "optional": true,
      "os": [
        "linux"
      ]
    },
    "node_modules/@oven/bun-windows-x64": {
      "version": "1.3.5",
      "resolved": "https://registry.npmjs.org/@oven/bun-windows-x64/-/bun-windows-x64-1.3.5.tgz",
      "integrity": "sha512-T3xkODItb/0ftQPFsZDc7EAX2D6A4TEazQ2YZyofZToO8Q7y8YT8ooWdhd0BQiTCd66uEvgE1DCZetynwg2IoA==",
      "cpu": [
        "x64"
      ],
      "license": "MIT",
      "optional": true,
      "os": [
        "win32"
      ]
    },
    "node_modules/@oven/bun-windows-x64-baseline": {
      "version": "1.3.5",
      "resolved": "https://registry.npmjs.org/@oven/bun-windows-x64-baseline/-/bun-windows-x64-baseline-1.3.5.tgz",
      "integrity": "sha512-rtVQB9/1XK8FWJgFtsOthbPifRMYypgJwxu+pK3NHx8WvFKmq7HcPDqNr8xLzGULjQEO7eAo2aOZfONOwYz+5g==",
      "cpu": [
        "x64"
      ],
      "license": "MIT",
      "optional": true,
      "os": [
        "win32"
      ]
    },
    "node_modules/@types/bun": {
      "version": "1.3.5",
      "resolved": "https://registry.npmjs.org/@types/bun/-/bun-1.3.5.tgz",
      "integrity": "sha512-RnygCqNrd3srIPEWBd5LFeUYG7plCoH2Yw9WaZGyNmdTEei+gWaHqydbaIRkIkcbXwhBT94q78QljxN0Sk838w==",
      "dev": true,
      "license": "MIT",
      "dependencies": {
        "bun-types": "1.3.5"
      }
    },
    "node_modules/@types/jsdom": {
      "version": "21.1.7",
      "resolved": "https://registry.npmjs.org/@types/jsdom/-/jsdom-21.1.7.tgz",
      "integrity": "sha512-yOriVnggzrnQ3a9OKOCxaVuSug3w3/SbOj5i7VwXWZEyUNl3bLF9V3MfxGbZKuwqJOQyRfqXyROBB1CoZLFWzA==",
      "dev": true,
      "license": "MIT",
      "dependencies": {
        "@types/node": "*",
        "@types/tough-cookie": "*",
        "parse5": "^7.0.0"
      }
    },
    "node_modules/@types/node": {
      "version": "25.0.3",
      "resolved": "https://registry.npmjs.org/@types/node/-/node-25.0.3.tgz",
      "integrity": "sha512-W609buLVRVmeW693xKfzHeIV6nJGGz98uCPfeXI1ELMLXVeKYZ9m15fAMSaUPBHYLGFsVRcMmSCksQOrZV9BYA==",
      "dev": true,
      "license": "MIT",
      "dependencies": {
        "undici-types": "~7.16.0"
      }
    },
    "node_modules/@types/tough-cookie": {
      "version": "4.0.5",
      "resolved": "https://registry.npmjs.org/@types/tough-cookie/-/tough-cookie-4.0.5.tgz",
      "integrity": "sha512-/Ad8+nIOV7Rl++6f1BdKxFSMgmoqEoYbHRpPcx3JEfv8VRsQe9Z4mCXeJBzxs7mbHY/XOZZuXlRNfhpVPbs6ZA==",
      "dev": true,
      "license": "MIT"
    },
    "node_modules/agent-base": {
      "version": "7.1.4",
      "resolved": "https://registry.npmjs.org/agent-base/-/agent-base-7.1.4.tgz",
      "integrity": "sha512-MnA+YT8fwfJPgBx3m60MNqakm30XOkyIoH1y6huTQvC0PwZG7ki8NacLBcrPbNoo8vEZy7Jpuk7+jMO+CUovTQ==",
      "license": "MIT",
      "engines": {
        "node": ">= 14"
      }
    },
    "node_modules/asynckit": {
      "version": "0.4.0",
      "resolved": "https://registry.npmjs.org/asynckit/-/asynckit-0.4.0.tgz",
      "integrity": "sha512-Oei9OH4tRh0YqU3GxhX79dM/mwVgvbZJaSNaRk+bshkj0S5cfHcgYakreBjrHwatXKbz+IoIdYLxrKim2MjW0Q==",
      "license": "MIT"
    },
    "node_modules/axios": {
      "version": "1.13.2",
      "resolved": "https://registry.npmjs.org/axios/-/axios-1.13.2.tgz",
      "integrity": "sha512-VPk9ebNqPcy5lRGuSlKx752IlDatOjT9paPlm8A7yOuW2Fbvp4X3JznJtT4f0GzGLLiWE9W8onz51SqLYwzGaA==",
      "license": "MIT",
      "dependencies": {
        "follow-redirects": "^1.15.6",
        "form-data": "^4.0.4",
        "proxy-from-env": "^1.1.0"
      }
    },
    "node_modules/boolbase": {
      "version": "1.0.0",
      "resolved": "https://registry.npmjs.org/boolbase/-/boolbase-1.0.0.tgz",
      "integrity": "sha512-JZOSA7Mo9sNGB8+UjSgzdLtokWAky1zbztM3WRLCbZ70/3cTANmQmOdR7y2g+J0e2WXywy1yS468tY+IruqEww==",
      "license": "ISC"
    },
    "node_modules/bun": {
      "version": "1.3.5",
      "resolved": "https://registry.npmjs.org/bun/-/bun-1.3.5.tgz",
      "integrity": "sha512-c1YHIGUfgvYPJmLug5QiLzNWlX2Dg7X/67JWu1Va+AmMXNXzC/KQn2lgQ7rD+n1u1UqDpJMowVGGxTNpbPydNw==",
      "cpu": [
        "arm64",
        "x64"
      ],
      "hasInstallScript": true,
      "license": "MIT",
      "os": [
        "darwin",
        "linux",
        "win32"
      ],
      "bin": {
        "bun": "bin/bun.exe",
        "bunx": "bin/bunx.exe"
      },
      "optionalDependencies": {
        "@oven/bun-darwin-aarch64": "1.3.5",
        "@oven/bun-darwin-x64": "1.3.5",
        "@oven/bun-darwin-x64-baseline": "1.3.5",
        "@oven/bun-linux-aarch64": "1.3.5",
        "@oven/bun-linux-aarch64-musl": "1.3.5",
        "@oven/bun-linux-x64": "1.3.5",
        "@oven/bun-linux-x64-baseline": "1.3.5",
        "@oven/bun-linux-x64-musl": "1.3.5",
        "@oven/bun-linux-x64-musl-baseline": "1.3.5",
        "@oven/bun-windows-x64": "1.3.5",
        "@oven/bun-windows-x64-baseline": "1.3.5"
      }
    },
    "node_modules/bun-types": {
      "version": "1.3.5",
      "resolved": "https://registry.npmjs.org/bun-types/-/bun-types-1.3.5.tgz",
      "integrity": "sha512-inmAYe2PFLs0SUbFOWSVD24sg1jFlMPxOjOSSCYqUgn4Hsc3rDc7dFvfVYjFPNHtov6kgUeulV4SxbuIV/stPw==",
      "dev": true,
      "license": "MIT",
      "dependencies": {
        "@types/node": "*"
      }
    },
    "node_modules/call-bind-apply-helpers": {
      "version": "1.0.2",
      "resolved": "https://registry.npmjs.org/call-bind-apply-helpers/-/call-bind-apply-helpers-1.0.2.tgz",
      "integrity": "sha512-Sp1ablJ0ivDkSzjcaJdxEunN5/XvksFJ2sMBFfq6x0ryhQV/2b/KwFe21cMpmHtPOSij8K99/wSfoEuTObmuMQ==",
      "license": "MIT",
      "dependencies": {
        "es-errors": "^1.3.0",
        "function-bind": "^1.1.2"
      },
      "engines": {
        "node": ">= 0.4"
      }
    },
    "node_modules/cheerio": {
      "version": "1.1.2",
      "resolved": "https://registry.npmjs.org/cheerio/-/cheerio-1.1.2.tgz",
      "integrity": "sha512-IkxPpb5rS/d1IiLbHMgfPuS0FgiWTtFIm/Nj+2woXDLTZ7fOT2eqzgYbdMlLweqlHbsZjxEChoVK+7iph7jyQg==",
      "license": "MIT",
      "dependencies": {
        "cheerio-select": "^2.1.0",
        "dom-serializer": "^2.0.0",
        "domhandler": "^5.0.3",
        "domutils": "^3.2.2",
        "encoding-sniffer": "^0.2.1",
        "htmlparser2": "^10.0.0",
        "parse5": "^7.3.0",
        "parse5-htmlparser2-tree-adapter": "^7.1.0",
        "parse5-parser-stream": "^7.1.2",
        "undici": "^7.12.0",
        "whatwg-mimetype": "^4.0.0"
      },
      "engines": {
        "node": ">=20.18.1"
      },
      "funding": {
        "url": "https://github.com/cheeriojs/cheerio?sponsor=1"
      }
    },
    "node_modules/cheerio-select": {
      "version": "2.1.0",
      "resolved": "https://registry.npmjs.org/cheerio-select/-/cheerio-select-2.1.0.tgz",
      "integrity": "sha512-9v9kG0LvzrlcungtnJtpGNxY+fzECQKhK4EGJX2vByejiMX84MFNQw4UxPJl3bFbTMw+Dfs37XaIkCwTZfLh4g==",
      "license": "BSD-2-Clause",
      "dependencies": {
        "boolbase": "^1.0.0",
        "css-select": "^5.1.0",
        "css-what": "^6.1.0",
        "domelementtype": "^2.3.0",
        "domhandler": "^5.0.3",
        "domutils": "^3.0.1"
      },
      "funding": {
        "url": "https://github.com/sponsors/fb55"
      }
    },
    "node_modules/combined-stream": {
      "version": "1.0.8",
      "resolved": "https://registry.npmjs.org/combined-stream/-/combined-stream-1.0.8.tgz",
      "integrity": "sha512-FQN4MRfuJeHf7cBbBMJFXhKSDq+2kAArBlmRBvcvFE5BB1HZKXtSFASDhdlz9zOYwxh8lDdnvmMOe/+5cdoEdg==",
      "license": "MIT",
      "dependencies": {
        "delayed-stream": "~1.0.0"
      },
      "engines": {
        "node": ">= 0.8"
      }
    },
    "node_modules/css-select": {
      "version": "5.2.2",
      "resolved": "https://registry.npmjs.org/css-select/-/css-select-5.2.2.tgz",
      "integrity": "sha512-TizTzUddG/xYLA3NXodFM0fSbNizXjOKhqiQQwvhlspadZokn1KDy0NZFS0wuEubIYAV5/c1/lAr0TaaFXEXzw==",
      "license": "BSD-2-Clause",
      "dependencies": {
        "boolbase": "^1.0.0",
        "css-what": "^6.1.0",
        "domhandler": "^5.0.2",
        "domutils": "^3.0.1",
        "nth-check": "^2.0.1"
      },
      "funding": {
        "url": "https://github.com/sponsors/fb55"
      }
    },
    "node_modules/css-what": {
      "version": "6.2.2",
      "resolved": "https://registry.npmjs.org/css-what/-/css-what-6.2.2.tgz",
      "integrity": "sha512-u/O3vwbptzhMs3L1fQE82ZSLHQQfto5gyZzwteVIEyeaY5Fc7R4dapF/BvRoSYFeqfBk4m0V1Vafq5Pjv25wvA==",
      "license": "BSD-2-Clause",
      "engines": {
        "node": ">= 6"
      },
      "funding": {
        "url": "https://github.com/sponsors/fb55"
      }
    },
    "node_modules/cssstyle": {
      "version": "4.6.0",
      "resolved": "https://registry.npmjs.org/cssstyle/-/cssstyle-4.6.0.tgz",
      "integrity": "sha512-2z+rWdzbbSZv6/rhtvzvqeZQHrBaqgogqt85sqFNbabZOuFbCVFb8kPeEtZjiKkbrm395irpNKiYeFeLiQnFPg==",
      "license": "MIT",
      "dependencies": {
        "@asamuzakjp/css-color": "^3.2.0",
        "rrweb-cssom": "^0.8.0"
      },
      "engines": {
        "node": ">=18"
      }
    },
    "node_modules/data-urls": {
      "version": "5.0.0",
      "resolved": "https://registry.npmjs.org/data-urls/-/data-urls-5.0.0.tgz",
      "integrity": "sha512-ZYP5VBHshaDAiVZxjbRVcFJpc+4xGgT0bK3vzy1HLN8jTO975HEbuYzZJcHoQEY5K1a0z8YayJkyVETa08eNTg==",
      "license": "MIT",
      "dependencies": {
        "whatwg-mimetype": "^4.0.0",
        "whatwg-url": "^14.0.0"
      },
      "engines": {
        "node": ">=18"
      }
    },
    "node_modules/debug": {
      "version": "4.4.3",
      "resolved": "https://registry.npmjs.org/debug/-/debug-4.4.3.tgz",
      "integrity": "sha512-RGwwWnwQvkVfavKVt22FGLw+xYSdzARwm0ru6DhTVA3umU5hZc28V3kO4stgYryrTlLpuvgI9GiijltAjNbcqA==",
      "license": "MIT",
      "dependencies": {
        "ms": "^2.1.3"
      },
      "engines": {
        "node": ">=6.0"
      },
      "peerDependenciesMeta": {
        "supports-color": {
          "optional": true
        }
      }
    },
    "node_modules/decimal.js": {
      "version": "10.6.0",
      "resolved": "https://registry.npmjs.org/decimal.js/-/decimal.js-10.6.0.tgz",
      "integrity": "sha512-YpgQiITW3JXGntzdUmyUR1V812Hn8T1YVXhCu+wO3OpS4eU9l4YdD3qjyiKdV6mvV29zapkMeD390UVEf2lkUg==",
      "license": "MIT"
    },
    "node_modules/delayed-stream": {
      "version": "1.0.0",
      "resolved": "https://registry.npmjs.org/delayed-stream/-/delayed-stream-1.0.0.tgz",
      "integrity": "sha512-ZySD7Nf91aLB0RxL4KGrKHBXl7Eds1DAmEdcoVawXnLD7SDhpNgtuII2aAkg7a7QS41jxPSZ17p4VdGnMHk3MQ==",
      "license": "MIT",
      "engines": {
        "node": ">=0.4.0"
      }
    },
    "node_modules/dom-serializer": {
      "version": "2.0.0",
      "resolved": "https://registry.npmjs.org/dom-serializer/-/dom-serializer-2.0.0.tgz",
      "integrity": "sha512-wIkAryiqt/nV5EQKqQpo3SToSOV9J0DnbJqwK7Wv/Trc92zIAYZ4FlMu+JPFW1DfGFt81ZTCGgDEabffXeLyJg==",
      "license": "MIT",
      "dependencies": {
        "domelementtype": "^2.3.0",
        "domhandler": "^5.0.2",
        "entities": "^4.2.0"
      },
      "funding": {
        "url": "https://github.com/cheeriojs/dom-serializer?sponsor=1"
      }
    },
    "node_modules/dom-serializer/node_modules/entities": {
      "version": "4.5.0",
      "resolved": "https://registry.npmjs.org/entities/-/entities-4.5.0.tgz",
      "integrity": "sha512-V0hjH4dGPh9Ao5p0MoRY6BVqtwCjhz6vI5LT8AJ55H+4g9/4vbHx1I54fS0XuclLhDHArPQCiMjDxjaL8fPxhw==",
      "license": "BSD-2-Clause",
      "engines": {
        "node": ">=0.12"
      },
      "funding": {
        "url": "https://github.com/fb55/entities?sponsor=1"
      }
    },
    "node_modules/domelementtype": {
      "version": "2.3.0",
      "resolved": "https://registry.npmjs.org/domelementtype/-/domelementtype-2.3.0.tgz",
      "integrity": "sha512-OLETBj6w0OsagBwdXnPdN0cnMfF9opN69co+7ZrbfPGrdpPVNBUj02spi6B1N7wChLQiPn4CSH/zJvXw56gmHw==",
      "funding": [
        {
          "type": "github",
          "url": "https://github.com/sponsors/fb55"
        }
      ],
      "license": "BSD-2-Clause"
    },
    "node_modules/domhandler": {
      "version": "5.0.3",
      "resolved": "https://registry.npmjs.org/domhandler/-/domhandler-5.0.3.tgz",
      "integrity": "sha512-cgwlv/1iFQiFnU96XXgROh8xTeetsnJiDsTc7TYCLFd9+/WNkIqPTxiM/8pSd8VIrhXGTf1Ny1q1hquVqDJB5w==",
      "license": "BSD-2-Clause",
      "dependencies": {
        "domelementtype": "^2.3.0"
      },
      "engines": {
        "node": ">= 4"
      },
      "funding": {
        "url": "https://github.com/fb55/domhandler?sponsor=1"
      }
    },
    "node_modules/domutils": {
      "version": "3.2.2",
      "resolved": "https://registry.npmjs.org/domutils/-/domutils-3.2.2.tgz",
      "integrity": "sha512-6kZKyUajlDuqlHKVX1w7gyslj9MPIXzIFiz/rGu35uC1wMi+kMhQwGhl4lt9unC9Vb9INnY9Z3/ZA3+FhASLaw==",
      "license": "BSD-2-Clause",
      "dependencies": {
        "dom-serializer": "^2.0.0",
        "domelementtype": "^2.3.0",
        "domhandler": "^5.0.3"
      },
      "funding": {
        "url": "https://github.com/fb55/domutils?sponsor=1"
      }
    },
    "node_modules/dunder-proto": {
      "version": "1.0.1",
      "resolved": "https://registry.npmjs.org/dunder-proto/-/dunder-proto-1.0.1.tgz",
      "integrity": "sha512-KIN/nDJBQRcXw0MLVhZE9iQHmG68qAVIBg9CqmUYjmQIhgij9U5MFvrqkUL5FbtyyzZuOeOt0zdeRe4UY7ct+A==",
      "license": "MIT",
      "dependencies": {
        "call-bind-apply-helpers": "^1.0.1",
        "es-errors": "^1.3.0",
        "gopd": "^1.2.0"
      },
      "engines": {
        "node": ">= 0.4"
      }
    },
    "node_modules/encoding-sniffer": {
      "version": "0.2.1",
      "resolved": "https://registry.npmjs.org/encoding-sniffer/-/encoding-sniffer-0.2.1.tgz",
      "integrity": "sha512-5gvq20T6vfpekVtqrYQsSCFZ1wEg5+wW0/QaZMWkFr6BqD3NfKs0rLCx4rrVlSWJeZb5NBJgVLswK/w2MWU+Gw==",
      "license": "MIT",
      "dependencies": {
        "iconv-lite": "^0.6.3",
        "whatwg-encoding": "^3.1.1"
      },
      "funding": {
        "url": "https://github.com/fb55/encoding-sniffer?sponsor=1"
      }
    },
    "node_modules/entities": {
      "version": "6.0.1",
      "resolved": "https://registry.npmjs.org/entities/-/entities-6.0.1.tgz",
      "integrity": "sha512-aN97NXWF6AWBTahfVOIrB/NShkzi5H7F9r1s9mD3cDj4Ko5f2qhhVoYMibXF7GlLveb/D2ioWay8lxI97Ven3g==",
      "license": "BSD-2-Clause",
      "engines": {
        "node": ">=0.12"
      },
      "funding": {
        "url": "https://github.com/fb55/entities?sponsor=1"
      }
    },
    "node_modules/es-define-property": {
      "version": "1.0.1",
      "resolved": "https://registry.npmjs.org/es-define-property/-/es-define-property-1.0.1.tgz",
      "integrity": "sha512-e3nRfgfUZ4rNGL232gUgX06QNyyez04KdjFrF+LTRoOXmrOgFKDg4BCdsjW8EnT69eqdYGmRpJwiPVYNrCaW3g==",
      "license": "MIT",
      "engines": {
        "node": ">= 0.4"
      }
    },
    "node_modules/es-errors": {
      "version": "1.3.0",
      "resolved": "https://registry.npmjs.org/es-errors/-/es-errors-1.3.0.tgz",
      "integrity": "sha512-Zf5H2Kxt2xjTvbJvP2ZWLEICxA6j+hAmMzIlypy4xcBg1vKVnx89Wy0GbS+kf5cwCVFFzdCFh2XSCFNULS6csw==",
      "license": "MIT",
      "engines": {
        "node": ">= 0.4"
      }
    },
    "node_modules/es-object-atoms": {
      "version": "1.1.1",
      "resolved": "https://registry.npmjs.org/es-object-atoms/-/es-object-atoms-1.1.1.tgz",
      "integrity": "sha512-FGgH2h8zKNim9ljj7dankFPcICIK9Cp5bm+c2gQSYePhpaG5+esrLODihIorn+Pe6FGJzWhXQotPv73jTaldXA==",
      "license": "MIT",
      "dependencies": {
        "es-errors": "^1.3.0"
      },
      "engines": {
        "node": ">= 0.4"
      }
    },
    "node_modules/es-set-tostringtag": {
      "version": "2.1.0",
      "resolved": "https://registry.npmjs.org/es-set-tostringtag/-/es-set-tostringtag-2.1.0.tgz",
      "integrity": "sha512-j6vWzfrGVfyXxge+O0x5sh6cvxAog0a/4Rdd2K36zCMV5eJ+/+tOAngRO8cODMNWbVRdVlmGZQL2YS3yR8bIUA==",
      "license": "MIT",
      "dependencies": {
        "es-errors": "^1.3.0",
        "get-intrinsic": "^1.2.6",
        "has-tostringtag": "^1.0.2",
        "hasown": "^2.0.2"
      },
      "engines": {
        "node": ">= 0.4"
      }
    },
    "node_modules/follow-redirects": {
      "version": "1.15.11",
      "resolved": "https://registry.npmjs.org/follow-redirects/-/follow-redirects-1.15.11.tgz",
      "integrity": "sha512-deG2P0JfjrTxl50XGCDyfI97ZGVCxIpfKYmfyrQ54n5FO/0gfIES8C/Psl6kWVDolizcaaxZJnTS0QSMxvnsBQ==",
      "funding": [
        {
          "type": "individual",
          "url": "https://github.com/sponsors/RubenVerborgh"
        }
      ],
      "license": "MIT",
      "engines": {
        "node": ">=4.0"
      },
      "peerDependenciesMeta": {
        "debug": {
          "optional": true
        }
      }
    },
    "node_modules/form-data": {
      "version": "4.0.5",
      "resolved": "https://registry.npmjs.org/form-data/-/form-data-4.0.5.tgz",
      "integrity": "sha512-8RipRLol37bNs2bhoV67fiTEvdTrbMUYcFTiy3+wuuOnUog2QBHCZWXDRijWQfAkhBj2Uf5UnVaiWwA5vdd82w==",
      "license": "MIT",
      "dependencies": {
        "asynckit": "^0.4.0",
        "combined-stream": "^1.0.8",
        "es-set-tostringtag": "^2.1.0",
        "hasown": "^2.0.2",
        "mime-types": "^2.1.12"
      },
      "engines": {
        "node": ">= 6"
      }
    },
    "node_modules/function-bind": {
      "version": "1.1.2",
      "resolved": "https://registry.npmjs.org/function-bind/-/function-bind-1.1.2.tgz",
      "integrity": "sha512-7XHNxH7qX9xG5mIwxkhumTox/MIRNcOgDrxWsMt2pAr23WHp6MrRlN7FBSFpCpr+oVO0F744iUgR82nJMfG2SA==",
      "license": "MIT",
      "funding": {
        "url": "https://github.com/sponsors/ljharb"
      }
    },
    "node_modules/get-intrinsic": {
      "version": "1.3.0",
      "resolved": "https://registry.npmjs.org/get-intrinsic/-/get-intrinsic-1.3.0.tgz",
      "integrity": "sha512-9fSjSaos/fRIVIp+xSJlE6lfwhES7LNtKaCBIamHsjr2na1BiABJPo0mOjjz8GJDURarmCPGqaiVg5mfjb98CQ==",
      "license": "MIT",
      "dependencies": {
        "call-bind-apply-helpers": "^1.0.2",
        "es-define-property": "^1.0.1",
        "es-errors": "^1.3.0",
        "es-object-atoms": "^1.1.1",
        "function-bind": "^1.1.2",
        "get-proto": "^1.0.1",
        "gopd": "^1.2.0",
        "has-symbols": "^1.1.0",
        "hasown": "^2.0.2",
        "math-intrinsics": "^1.1.0"
      },
      "engines": {
        "node": ">= 0.4"
      },
      "funding": {
        "url": "https://github.com/sponsors/ljharb"
      }
    },
    "node_modules/get-proto": {
      "version": "1.0.1",
      "resolved": "https://registry.npmjs.org/get-proto/-/get-proto-1.0.1.tgz",
      "integrity": "sha512-sTSfBjoXBp89JvIKIefqw7U2CCebsc74kiY6awiGogKtoSGbgjYE/G/+l9sF3MWFPNc9IcoOC4ODfKHfxFmp0g==",
      "license": "MIT",
      "dependencies": {
        "dunder-proto": "^1.0.1",
        "es-object-atoms": "^1.0.0"
      },
      "engines": {
        "node": ">= 0.4"
      }
    },
    "node_modules/gopd": {
      "version": "1.2.0",
      "resolved": "https://registry.npmjs.org/gopd/-/gopd-1.2.0.tgz",
      "integrity": "sha512-ZUKRh6/kUFoAiTAtTYPZJ3hw9wNxx+BIBOijnlG9PnrJsCcSjs1wyyD6vJpaYtgnzDrKYRSqf3OO6Rfa93xsRg==",
      "license": "MIT",
      "engines": {
        "node": ">= 0.4"
      },
      "funding": {
        "url": "https://github.com/sponsors/ljharb"
      }
    },
    "node_modules/has-symbols": {
      "version": "1.1.0",
      "resolved": "https://registry.npmjs.org/has-symbols/-/has-symbols-1.1.0.tgz",
      "integrity": "sha512-1cDNdwJ2Jaohmb3sg4OmKaMBwuC48sYni5HUw2DvsC8LjGTLK9h+eb1X6RyuOHe4hT0ULCW68iomhjUoKUqlPQ==",
      "license": "MIT",
      "engines": {
        "node": ">= 0.4"
      },
      "funding": {
        "url": "https://github.com/sponsors/ljharb"
      }
    },
    "node_modules/has-tostringtag": {
      "version": "1.0.2",
      "resolved": "https://registry.npmjs.org/has-tostringtag/-/has-tostringtag-1.0.2.tgz",
      "integrity": "sha512-NqADB8VjPFLM2V0VvHUewwwsw0ZWBaIdgo+ieHtK3hasLz4qeCRjYcqfB6AQrBggRKppKF8L52/VqdVsO47Dlw==",
      "license": "MIT",
      "dependencies": {
        "has-symbols": "^1.0.3"
      },
      "engines": {
        "node": ">= 0.4"
      },
      "funding": {
        "url": "https://github.com/sponsors/ljharb"
      }
    },
    "node_modules/hasown": {
      "version": "2.0.2",
      "resolved": "https://registry.npmjs.org/hasown/-/hasown-2.0.2.tgz",
      "integrity": "sha512-0hJU9SCPvmMzIBdZFqNPXWa6dqh7WdH0cII9y+CyS8rG3nL48Bclra9HmKhVVUHyPWNH5Y7xDwAB7bfgSjkUMQ==",
      "license": "MIT",
      "dependencies": {
        "function-bind": "^1.1.2"
      },
      "engines": {
        "node": ">= 0.4"
      }
    },
    "node_modules/html-encoding-sniffer": {
      "version": "4.0.0",
      "resolved": "https://registry.npmjs.org/html-encoding-sniffer/-/html-encoding-sniffer-4.0.0.tgz",
      "integrity": "sha512-Y22oTqIU4uuPgEemfz7NDJz6OeKf12Lsu+QC+s3BVpda64lTiMYCyGwg5ki4vFxkMwQdeZDl2adZoqUgdFuTgQ==",
      "license": "MIT",
      "dependencies": {
        "whatwg-encoding": "^3.1.1"
      },
      "engines": {
        "node": ">=18"
      }
    },
    "node_modules/htmlparser2": {
      "version": "10.0.0",
      "resolved": "https://registry.npmjs.org/htmlparser2/-/htmlparser2-10.0.0.tgz",
      "integrity": "sha512-TwAZM+zE5Tq3lrEHvOlvwgj1XLWQCtaaibSN11Q+gGBAS7Y1uZSWwXXRe4iF6OXnaq1riyQAPFOBtYc77Mxq0g==",
      "funding": [
        "https://github.com/fb55/htmlparser2?sponsor=1",
        {
          "type": "github",
          "url": "https://github.com/sponsors/fb55"
        }
      ],
      "license": "MIT",
      "dependencies": {
        "domelementtype": "^2.3.0",
        "domhandler": "^5.0.3",
        "domutils": "^3.2.1",
        "entities": "^6.0.0"
      }
    },
    "node_modules/http-proxy-agent": {
      "version": "7.0.2",
      "resolved": "https://registry.npmjs.org/http-proxy-agent/-/http-proxy-agent-7.0.2.tgz",
      "integrity": "sha512-T1gkAiYYDWYx3V5Bmyu7HcfcvL7mUrTWiM6yOfa3PIphViJ/gFPbvidQ+veqSOHci/PxBcDabeUNCzpOODJZig==",
      "license": "MIT",
      "dependencies": {
        "agent-base": "^7.1.0",
        "debug": "^4.3.4"
      },
      "engines": {
        "node": ">= 14"
      }
    },
    "node_modules/https-proxy-agent": {
      "version": "7.0.6",
      "resolved": "https://registry.npmjs.org/https-proxy-agent/-/https-proxy-agent-7.0.6.tgz",
      "integrity": "sha512-vK9P5/iUfdl95AI+JVyUuIcVtd4ofvtrOr3HNtM2yxC9bnMbEdp3x01OhQNnjb8IJYi38VlTE3mBXwcfvywuSw==",
      "license": "MIT",
      "dependencies": {
        "agent-base": "^7.1.2",
        "debug": "4"
      },
      "engines": {
        "node": ">= 14"
      }
    },
    "node_modules/iconv-lite": {
      "version": "0.6.3",
      "resolved": "https://registry.npmjs.org/iconv-lite/-/iconv-lite-0.6.3.tgz",
      "integrity": "sha512-4fCk79wshMdzMp2rH06qWrJE4iolqLhCUH+OiuIgU++RB0+94NlDL81atO7GX55uUKueo0txHNtvEyI6D7WdMw==",
      "license": "MIT",
      "dependencies": {
        "safer-buffer": ">= 2.1.2 < 3.0.0"
      },
      "engines": {
        "node": ">=0.10.0"
      }
    },
    "node_modules/is-potential-custom-element-name": {
      "version": "1.0.1",
      "resolved": "https://registry.npmjs.org/is-potential-custom-element-name/-/is-potential-custom-element-name-1.0.1.tgz",
      "integrity": "sha512-bCYeRA2rVibKZd+s2625gGnGF/t7DSqDs4dP7CrLA1m7jKWz6pps0LpYLJN8Q64HtmPKJ1hrN3nzPNKFEKOUiQ==",
      "license": "MIT"
    },
    "node_modules/jsdom": {
      "version": "26.1.0",
      "resolved": "https://registry.npmjs.org/jsdom/-/jsdom-26.1.0.tgz",
      "integrity": "sha512-Cvc9WUhxSMEo4McES3P7oK3QaXldCfNWp7pl2NNeiIFlCoLr3kfq9kb1fxftiwk1FLV7CvpvDfonxtzUDeSOPg==",
      "license": "MIT",
      "dependencies": {
        "cssstyle": "^4.2.1",
        "data-urls": "^5.0.0",
        "decimal.js": "^10.5.0",
        "html-encoding-sniffer": "^4.0.0",
        "http-proxy-agent": "^7.0.2",
        "https-proxy-agent": "^7.0.6",
        "is-potential-custom-element-name": "^1.0.1",
        "nwsapi": "^2.2.16",
        "parse5": "^7.2.1",
        "rrweb-cssom": "^0.8.0",
        "saxes": "^6.0.0",
        "symbol-tree": "^3.2.4",
        "tough-cookie": "^5.1.1",
        "w3c-xmlserializer": "^5.0.0",
        "webidl-conversions": "^7.0.0",
        "whatwg-encoding": "^3.1.1",
        "whatwg-mimetype": "^4.0.0",
        "whatwg-url": "^14.1.1",
        "ws": "^8.18.0",
        "xml-name-validator": "^5.0.0"
      },
      "engines": {
        "node": ">=18"
      },
      "peerDependencies": {
        "canvas": "^3.0.0"
      },
      "peerDependenciesMeta": {
        "canvas": {
          "optional": true
        }
      }
    },
    "node_modules/lru-cache": {
      "version": "10.4.3",
      "resolved": "https://registry.npmjs.org/lru-cache/-/lru-cache-10.4.3.tgz",
      "integrity": "sha512-JNAzZcXrCt42VGLuYz0zfAzDfAvJWW6AfYlDBQyDV5DClI2m5sAmK+OIO7s59XfsRsWHp02jAJrRadPRGTt6SQ==",
      "license": "ISC"
    },
    "node_modules/math-intrinsics": {
      "version": "1.1.0",
      "resolved": "https://registry.npmjs.org/math-intrinsics/-/math-intrinsics-1.1.0.tgz",
      "integrity": "sha512-/IXtbwEk5HTPyEwyKX6hGkYXxM9nbj64B+ilVJnC/R6B0pH5G4V3b0pVbL7DBj4tkhBAppbQUlf6F6Xl9LHu1g==",
      "license": "MIT",
      "engines": {
        "node": ">= 0.4"
      }
    },
    "node_modules/mime-db": {
      "version": "1.52.0",
      "resolved": "https://registry.npmjs.org/mime-db/-/mime-db-1.52.0.tgz",
      "integrity": "sha512-sPU4uV7dYlvtWJxwwxHD0PuihVNiE7TyAbQ5SWxDCB9mUYvOgroQOwYQQOKPJ8CIbE+1ETVlOoK1UC2nU3gYvg==",
      "license": "MIT",
      "engines": {
        "node": ">= 0.6"
      }
    },
    "node_modules/mime-types": {
      "version": "2.1.35",
      "resolved": "https://registry.npmjs.org/mime-types/-/mime-types-2.1.35.tgz",
      "integrity": "sha512-ZDY+bPm5zTTF+YpCrAU9nK0UgICYPT0QtT1NZWFv4s++TNkcgVaT0g6+4R2uI4MjQjzysHB1zxuWL50hzaeXiw==",
      "license": "MIT",
      "dependencies": {
        "mime-db": "1.52.0"
      },
      "engines": {
        "node": ">= 0.6"
      }
    },
    "node_modules/ms": {
      "version": "2.1.3",
      "resolved": "https://registry.npmjs.org/ms/-/ms-2.1.3.tgz",
      "integrity": "sha512-6FlzubTLZG3J2a/NVCAleEhjzq5oxgHyaCU9yYXvcLsvoVaHJq/s5xXI6/XXP6tz7R9xAOtHnSO/tXtF3WRTlA==",
      "license": "MIT"
    },
    "node_modules/nth-check": {
      "version": "2.1.1",
      "resolved": "https://registry.npmjs.org/nth-check/-/nth-check-2.1.1.tgz",
      "integrity": "sha512-lqjrjmaOoAnWfMmBPL+XNnynZh2+swxiX3WUE0s4yEHI6m+AwrK2UZOimIRl3X/4QctVqS8AiZjFqyOGrMXb/w==",
      "license": "BSD-2-Clause",
      "dependencies": {
        "boolbase": "^1.0.0"
      },
      "funding": {
        "url": "https://github.com/fb55/nth-check?sponsor=1"
      }
    },
    "node_modules/nwsapi": {
      "version": "2.2.23",
      "resolved": "https://registry.npmjs.org/nwsapi/-/nwsapi-2.2.23.tgz",
      "integrity": "sha512-7wfH4sLbt4M0gCDzGE6vzQBo0bfTKjU7Sfpqy/7gs1qBfYz2vEJH6vXcBKpO3+6Yu1telwd0t9HpyOoLEQQbIQ==",
      "license": "MIT"
    },
    "node_modules/parse5": {
      "version": "7.3.0",
      "resolved": "https://registry.npmjs.org/parse5/-/parse5-7.3.0.tgz",
      "integrity": "sha512-IInvU7fabl34qmi9gY8XOVxhYyMyuH2xUNpb2q8/Y+7552KlejkRvqvD19nMoUW/uQGGbqNpA6Tufu5FL5BZgw==",
      "license": "MIT",
      "dependencies": {
        "entities": "^6.0.0"
      },
      "funding": {
        "url": "https://github.com/inikulin/parse5?sponsor=1"
      }
    },
    "node_modules/parse5-htmlparser2-tree-adapter": {
      "version": "7.1.0",
      "resolved": "https://registry.npmjs.org/parse5-htmlparser2-tree-adapter/-/parse5-htmlparser2-tree-adapter-7.1.0.tgz",
      "integrity": "sha512-ruw5xyKs6lrpo9x9rCZqZZnIUntICjQAd0Wsmp396Ul9lN/h+ifgVV1x1gZHi8euej6wTfpqX8j+BFQxF0NS/g==",
      "license": "MIT",
      "dependencies": {
        "domhandler": "^5.0.3",
        "parse5": "^7.0.0"
      },
      "funding": {
        "url": "https://github.com/inikulin/parse5?sponsor=1"
      }
    },
    "node_modules/parse5-parser-stream": {
      "version": "7.1.2",
      "resolved": "https://registry.npmjs.org/parse5-parser-stream/-/parse5-parser-stream-7.1.2.tgz",
      "integrity": "sha512-JyeQc9iwFLn5TbvvqACIF/VXG6abODeB3Fwmv/TGdLk2LfbWkaySGY72at4+Ty7EkPZj854u4CrICqNk2qIbow==",
      "license": "MIT",
      "dependencies": {
        "parse5": "^7.0.0"
      },
      "funding": {
        "url": "https://github.com/inikulin/parse5?sponsor=1"
      }
    },
    "node_modules/proxy-from-env": {
      "version": "1.1.0",
      "resolved": "https://registry.npmjs.org/proxy-from-env/-/proxy-from-env-1.1.0.tgz",
      "integrity": "sha512-D+zkORCbA9f1tdWRK0RaCR3GPv50cMxcrz4X8k5LTSUD1Dkw47mKJEZQNunItRTkWwgtaUSo1RVFRIG9ZXiFYg==",
      "license": "MIT"
    },
    "node_modules/punycode": {
      "version": "2.3.1",
      "resolved": "https://registry.npmjs.org/punycode/-/punycode-2.3.1.tgz",
      "integrity": "sha512-vYt7UD1U9Wg6138shLtLOvdAu+8DsC/ilFtEVHcH+wydcSpNE20AfSOduf6MkRFahL5FY7X1oU7nKVZFtfq8Fg==",
      "license": "MIT",
      "engines": {
        "node": ">=6"
      }
    },
    "node_modules/rrweb-cssom": {
      "version": "0.8.0",
      "resolved": "https://registry.npmjs.org/rrweb-cssom/-/rrweb-cssom-0.8.0.tgz",
      "integrity": "sha512-guoltQEx+9aMf2gDZ0s62EcV8lsXR+0w8915TC3ITdn2YueuNjdAYh/levpU9nFaoChh9RUS5ZdQMrKfVEN9tw==",
      "license": "MIT"
    },
    "node_modules/safer-buffer": {
      "version": "2.1.2",
      "resolved": "https://registry.npmjs.org/safer-buffer/-/safer-buffer-2.1.2.tgz",
      "integrity": "sha512-YZo3K82SD7Riyi0E1EQPojLz7kpepnSQI9IyPbHHg1XXXevb5dJI7tpyN2ADxGcQbHG7vcyRHk0cbwqcQriUtg==",
      "license": "MIT"
    },
    "node_modules/saxes": {
      "version": "6.0.0",
      "resolved": "https://registry.npmjs.org/saxes/-/saxes-6.0.0.tgz",
      "integrity": "sha512-xAg7SOnEhrm5zI3puOOKyy1OMcMlIJZYNJY7xLBwSze0UjhPLnWfj2GF2EpT0jmzaJKIWKHLsaSSajf35bcYnA==",
      "license": "ISC",
      "dependencies": {
        "xmlchars": "^2.2.0"
      },
      "engines": {
        "node": ">=v12.22.7"
      }
    },
    "node_modules/symbol-tree": {
      "version": "3.2.4",
      "resolved": "https://registry.npmjs.org/symbol-tree/-/symbol-tree-3.2.4.tgz",
      "integrity": "sha512-9QNk5KwDF+Bvz+PyObkmSYjI5ksVUYtjW7AU22r2NKcfLJcXp96hkDWU3+XndOsUb+AQ9QhfzfCT2O+CNWT5Tw==",
      "license": "MIT"
    },
    "node_modules/tldts": {
      "version": "6.1.86",
      "resolved": "https://registry.npmjs.org/tldts/-/tldts-6.1.86.tgz",
      "integrity": "sha512-WMi/OQ2axVTf/ykqCQgXiIct+mSQDFdH2fkwhPwgEwvJ1kSzZRiinb0zF2Xb8u4+OqPChmyI6MEu4EezNJz+FQ==",
      "license": "MIT",
      "dependencies": {
        "tldts-core": "^6.1.86"
      },
      "bin": {
        "tldts": "bin/cli.js"
      }
    },
    "node_modules/tldts-core": {
      "version": "6.1.86",
      "resolved": "https://registry.npmjs.org/tldts-core/-/tldts-core-6.1.86.tgz",
      "integrity": "sha512-Je6p7pkk+KMzMv2XXKmAE3McmolOQFdxkKw0R8EYNr7sELW46JqnNeTX8ybPiQgvg1ymCoF8LXs5fzFaZvJPTA==",
      "license": "MIT"
    },
    "node_modules/tough-cookie": {
      "version": "5.1.2",
      "resolved": "https://registry.npmjs.org/tough-cookie/-/tough-cookie-5.1.2.tgz",
      "integrity": "sha512-FVDYdxtnj0G6Qm/DhNPSb8Ju59ULcup3tuJxkFb5K8Bv2pUXILbf0xZWU8PX8Ov19OXljbUyveOFwRMwkXzO+A==",
      "license": "BSD-3-Clause",
      "dependencies": {
        "tldts": "^6.1.32"
      },
      "engines": {
        "node": ">=16"
      }
    },
    "node_modules/tr46": {
      "version": "5.1.1",
      "resolved": "https://registry.npmjs.org/tr46/-/tr46-5.1.1.tgz",
      "integrity": "sha512-hdF5ZgjTqgAntKkklYw0R03MG2x/bSzTtkxmIRw/sTNV8YXsCJ1tfLAX23lhxhHJlEf3CRCOCGGWw3vI3GaSPw==",
      "license": "MIT",
      "dependencies": {
        "punycode": "^2.3.1"
      },
      "engines": {
        "node": ">=18"
      }
    },
    "node_modules/typescript": {
      "version": "5.9.3",
      "resolved": "https://registry.npmjs.org/typescript/-/typescript-5.9.3.tgz",
      "integrity": "sha512-jl1vZzPDinLr9eUt3J/t7V6FgNEw9QjvBPdysz9KfQDD41fQrC2Y4vKQdiaUpFT4bXlb1RHhLpp8wtm6M5TgSw==",
      "license": "Apache-2.0",
      "peer": true,
      "bin": {
        "tsc": "bin/tsc",
        "tsserver": "bin/tsserver"
      },
      "engines": {
        "node": ">=14.17"
      }
    },
    "node_modules/undici": {
      "version": "7.16.0",
      "resolved": "https://registry.npmjs.org/undici/-/undici-7.16.0.tgz",
      "integrity": "sha512-QEg3HPMll0o3t2ourKwOeUAZ159Kn9mx5pnzHRQO8+Wixmh88YdZRiIwat0iNzNNXn0yoEtXJqFpyW7eM8BV7g==",
      "license": "MIT",
      "engines": {
        "node": ">=20.18.1"
      }
    },
    "node_modules/undici-types": {
      "version": "7.16.0",
      "resolved": "https://registry.npmjs.org/undici-types/-/undici-types-7.16.0.tgz",
      "integrity": "sha512-Zz+aZWSj8LE6zoxD+xrjh4VfkIG8Ya6LvYkZqtUQGJPZjYl53ypCaUwWqo7eI0x66KBGeRo+mlBEkMSeSZ38Nw==",
      "dev": true,
      "license": "MIT"
    },
    "node_modules/w3c-xmlserializer": {
      "version": "5.0.0",
      "resolved": "https://registry.npmjs.org/w3c-xmlserializer/-/w3c-xmlserializer-5.0.0.tgz",
      "integrity": "sha512-o8qghlI8NZHU1lLPrpi2+Uq7abh4GGPpYANlalzWxyWteJOCsr/P+oPBA49TOLu5FTZO4d3F9MnWJfiMo4BkmA==",
      "license": "MIT",
      "dependencies": {
        "xml-name-validator": "^5.0.0"
      },
      "engines": {
        "node": ">=18"
      }
    },
    "node_modules/webidl-conversions": {
      "version": "7.0.0",
      "resolved": "https://registry.npmjs.org/webidl-conversions/-/webidl-conversions-7.0.0.tgz",
      "integrity": "sha512-VwddBukDzu71offAQR975unBIGqfKZpM+8ZX6ySk8nYhVoo5CYaZyzt3YBvYtRtO+aoGlqxPg/B87NGVZ/fu6g==",
      "license": "BSD-2-Clause",
      "engines": {
        "node": ">=12"
      }
    },
    "node_modules/whatwg-encoding": {
      "version": "3.1.1",
      "resolved": "https://registry.npmjs.org/whatwg-encoding/-/whatwg-encoding-3.1.1.tgz",
      "integrity": "sha512-6qN4hJdMwfYBtE3YBTTHhoeuUrDBPZmbQaxWAqSALV/MeEnR5z1xd8UKud2RAkFoPkmB+hli1TZSnyi84xz1vQ==",
      "deprecated": "Use @exodus/bytes instead for a more spec-conformant and faster implementation",
      "license": "MIT",
      "dependencies": {
        "iconv-lite": "0.6.3"
      },
      "engines": {
        "node": ">=18"
      }
    },
    "node_modules/whatwg-mimetype": {
      "version": "4.0.0",
      "resolved": "https://registry.npmjs.org/whatwg-mimetype/-/whatwg-mimetype-4.0.0.tgz",
      "integrity": "sha512-QaKxh0eNIi2mE9p2vEdzfagOKHCcj1pJ56EEHGQOVxp8r9/iszLUUV7v89x9O1p/T+NlTM5W7jW6+cz4Fq1YVg==",
      "license": "MIT",
      "engines": {
        "node": ">=18"
      }
    },
    "node_modules/whatwg-url": {
      "version": "14.2.0",
      "resolved": "https://registry.npmjs.org/whatwg-url/-/whatwg-url-14.2.0.tgz",
      "integrity": "sha512-De72GdQZzNTUBBChsXueQUnPKDkg/5A5zp7pFDuQAj5UFoENpiACU0wlCvzpAGnTkj++ihpKwKyYewn/XNUbKw==",
      "license": "MIT",
      "dependencies": {
        "tr46": "^5.1.0",
        "webidl-conversions": "^7.0.0"
      },
      "engines": {
        "node": ">=18"
      }
    },
    "node_modules/ws": {
      "version": "8.18.3",
      "resolved": "https://registry.npmjs.org/ws/-/ws-8.18.3.tgz",
      "integrity": "sha512-PEIGCY5tSlUt50cqyMXfCzX+oOPqN0vuGqWzbcJ2xvnkzkq46oOpz7dQaTDBdfICb4N14+GARUDw2XV2N4tvzg==",
      "license": "MIT",
      "engines": {
        "node": ">=10.0.0"
      },
      "peerDependencies": {
        "bufferutil": "^4.0.1",
        "utf-8-validate": ">=5.0.2"
      },
      "peerDependenciesMeta": {
        "bufferutil": {
          "optional": true
        },
        "utf-8-validate": {
          "optional": true
        }
      }
    },
    "node_modules/xml-name-validator": {
      "version": "5.0.0",
      "resolved": "https://registry.npmjs.org/xml-name-validator/-/xml-name-validator-5.0.0.tgz",
      "integrity": "sha512-EvGK8EJ3DhaHfbRlETOWAS5pO9MZITeauHKJyb8wyajUfQUenkIg2MvLDTZ4T/TgIcm3HU0TFBgWWboAZ30UHg==",
      "license": "Apache-2.0",
      "engines": {
        "node": ">=18"
      }
    },
    "node_modules/xmlchars": {
      "version": "2.2.0",
      "resolved": "https://registry.npmjs.org/xmlchars/-/xmlchars-2.2.0.tgz",
      "integrity": "sha512-JZnDKK8B0RCDw84FNdDAIpZK+JuJw+s7Lz8nksI7SIuU3UXJJslUthsi+uWBUYOwPFwW7W7PRLRfUKpxjtjFCw==",
      "license": "MIT"
    }
  }
}
